# This file is automatically @generated by Cargo.
# It is not intended for manual editing.
version = 3

[[package]]
name = "memchr"
version = "2.5.0"
source = "registry+https://github.com/rust-lang/crates.io-index"
checksum = "2dffe52ecf27772e601905b7522cb4ef790d2cc203488bbd0e2fe85fcb74566d"

[[package]]
name = "quick-xml"
version = "0.25.0"
source = "registry+https://github.com/rust-lang/crates.io-index"
checksum = "58e21a144a0ffb5fad7b464babcdab934a325ad69b7c0373bcfef5cbd9799ca9"
dependencies = [
 "memchr",
]

[[package]]
name = "test-rust"
version = "0.1.0"
dependencies = [
 "quick-xml",
]
